
Microsoft Visual Studio Solution File, Format Version 10.00
# Visual Studio 2008
Project("{2150E333-8FDC-42A3-9474-1A3956D46DE8}") = "Solution Items", "Solution Items", "{3E42B44C-3848-4A14-B2E7-69A309C59B91}"
	ProjectSection(SolutionItems) = preProject
		actsastree.snippet = actsastree.snippet
		aprop.snippet = aprop.snippet
		aprop.vb.snippet = aprop.vb.snippet
		BasicStyle.css = BasicStyle.css
		dbentry.xml.snippet = dbentry.xml.snippet
		dbmodel.snippet = dbmodel.snippet
		dbmodel.vb.snippet = dbmodel.vb.snippet
		dsource.snippet = dsource.snippet
		dsource.vb.snippet = dsource.vb.snippet
		License.txt = License.txt
		linqmodel.snippet = linqmodel.snippet
		linqmodel.vb.snippet = linqmodel.vb.snippet
		nunit.framework.dll = nunit.framework.dll
		test.snippet = test.snippet
		trans.snippet = trans.snippet
		vsprop.snippet = vsprop.snippet
	EndProjectSection
EndProject
Project("{FAE04EC0-301F-11D3-BF4B-00C04F79EFBC}") = "Lephone.Data", "Lephone.Data\Lephone.Data.csproj", "{25AFD300-493A-4553-B4DC-129D3A9022A8}"
EndProject
Project("{FAE04EC0-301F-11D3-BF4B-00C04F79EFBC}") = "Lephone.Util", "Lephone.Util\Lephone.Util.csproj", "{F53E89FC-F364-4C7D-A20A-CACFBF11C196}"
EndProject
Project("{FAE04EC0-301F-11D3-BF4B-00C04F79EFBC}") = "Lephone.UnitTest", "Lephone.UnitTest\Lephone.UnitTest.csproj", "{48E4289C-FABF-46F6-AC45-AAA4224F84D3}"
EndProject
Project("{FAE04EC0-301F-11D3-BF4B-00C04F79EFBC}") = "Lephone.MockSql", "Lephone.MockSql\Lephone.MockSql.csproj", "{C79309C3-3E59-490C-89EA-6A4AA05B0DD5}"
EndProject
Project("{FAE04EC0-301F-11D3-BF4B-00C04F79EFBC}") = "SqlRecorder", "SqlRecorder\SqlRecorder.csproj", "{92805D19-5BFD-4EC4-B485-BEF6598CD14A}"
EndProject
Project("{FAE04EC0-301F-11D3-BF4B-00C04F79EFBC}") = "Debug", "Debug\Debug.csproj", "{EE0F0B59-1970-4929-A73D-1A89862F9B83}"
EndProject
Project("{E24C65DC-7377-472B-9ABA-BC803B73C61A}") = "WebDebug", "WebDebug\", "{879D6E88-9A3B-43A2-AA04-9FEDE243EF2A}"
	ProjectSection(WebsiteProperties) = preProject
		SccProjectName = ""
		SccAuxPath = ""
		SccLocalPath = ""
		SccProvider = ""
		TargetFramework = "3.5"
		ProjectReferences = "{25AFD300-493A-4553-B4DC-129D3A9022A8}|Lephone.Data.dll;{9293C04C-D2E7-449F-833E-6E6624DCD6F4}|DebugLib.dll;{F53E89FC-F364-4C7D-A20A-CACFBF11C196}|Lephone.Util.dll;{A73147C3-73C4-4590-9EC4-250AC83F4EF5}|Lephone.Web.dll;"
		Debug.AspNetCompiler.VirtualPath = "/WebDebug"
		Debug.AspNetCompiler.PhysicalPath = "WebDebug\"
		Debug.AspNetCompiler.TargetPath = "PrecompiledWeb\WebDebug\"
		Debug.AspNetCompiler.Updateable = "true"
		Debug.AspNetCompiler.ForceOverwrite = "true"
		Debug.AspNetCompiler.FixedNames = "false"
		Debug.AspNetCompiler.Debug = "True"
		Release.AspNetCompiler.VirtualPath = "/WebDebug"
		Release.AspNetCompiler.PhysicalPath = "WebDebug\"
		Release.AspNetCompiler.TargetPath = "PrecompiledWeb\WebDebug\"
		Release.AspNetCompiler.Updateable = "true"
		Release.AspNetCompiler.ForceOverwrite = "true"
		Release.AspNetCompiler.FixedNames = "false"
		Release.AspNetCompiler.Debug = "False"
		VWDPort = "1315"
		DefaultWebSiteLanguage = "Visual C#"
	EndProjectSection
EndProject
Project("{FAE04EC0-301F-11D3-BF4B-00C04F79EFBC}") = "Lephone.Web", "Lephone.Web\Lephone.Web.csproj", "{A73147C3-73C4-4590-9EC4-250AC83F4EF5}"
EndProject
Project("{FAE04EC0-301F-11D3-BF4B-00C04F79EFBC}") = "DebugLib", "WebDebugLib\DebugLib.csproj", "{9293C04C-D2E7-449F-833E-6E6624DCD6F4}"
EndProject
Project("{2150E333-8FDC-42A3-9474-1A3956D46DE8}") = "Debug Projects", "Debug Projects", "{B56B0A84-6668-4625-BBE3-7AADF2DBE22C}"
EndProject
Project("{2150E333-8FDC-42A3-9474-1A3956D46DE8}") = "UnitTest Projects", "UnitTest Projects", "{A0CF8258-917F-4756-BF94-7C3F7E254352}"
EndProject
Project("{FAE04EC0-301F-11D3-BF4B-00C04F79EFBC}") = "Lephone.CodeGen", "Lephone.CodeGen\Lephone.CodeGen.csproj", "{B36CF407-9408-428D-A2B7-0245E58CDE17}"
EndProject
Global
	GlobalSection(SolutionConfigurationPlatforms) = preSolution
		Debug|.NET = Debug|.NET
		Debug|Any CPU = Debug|Any CPU
		Debug|Mixed Platforms = Debug|Mixed Platforms
		Release|.NET = Release|.NET
		Release|Any CPU = Release|Any CPU
		Release|Mixed Platforms = Release|Mixed Platforms
	EndGlobalSection
	GlobalSection(ProjectConfigurationPlatforms) = postSolution
		{25AFD300-493A-4553-B4DC-129D3A9022A8}.Debug|.NET.ActiveCfg = Debug|Any CPU
		{25AFD300-493A-4553-B4DC-129D3A9022A8}.Debug|Any CPU.ActiveCfg = Debug|Any CPU
		{25AFD300-493A-4553-B4DC-129D3A9022A8}.Debug|Any CPU.Build.0 = Debug|Any CPU
		{25AFD300-493A-4553-B4DC-129D3A9022A8}.Debug|Mixed Platforms.ActiveCfg = Debug|Any CPU
		{25AFD300-493A-4553-B4DC-129D3A9022A8}.Debug|Mixed Platforms.Build.0 = Debug|Any CPU
		{25AFD300-493A-4553-B4DC-129D3A9022A8}.Release|.NET.ActiveCfg = Release|Any CPU
		{25AFD300-493A-4553-B4DC-129D3A9022A8}.Release|Any CPU.ActiveCfg = Release|Any CPU
		{25AFD300-493A-4553-B4DC-129D3A9022A8}.Release|Any CPU.Build.0 = Release|Any CPU
		{25AFD300-493A-4553-B4DC-129D3A9022A8}.Release|Mixed Platforms.ActiveCfg = Release|Any CPU
		{25AFD300-493A-4553-B4DC-129D3A9022A8}.Release|Mixed Platforms.Build.0 = Release|Any CPU
		{F53E89FC-F364-4C7D-A20A-CACFBF11C196}.Debug|.NET.ActiveCfg = Debug|Any CPU
		{F53E89FC-F364-4C7D-A20A-CACFBF11C196}.Debug|Any CPU.ActiveCfg = Debug|Any CPU
		{F53E89FC-F364-4C7D-A20A-CACFBF11C196}.Debug|Any CPU.Build.0 = Debug|Any CPU
		{F53E89FC-F364-4C7D-A20A-CACFBF11C196}.Debug|Mixed Platforms.ActiveCfg = Debug|Any CPU
		{F53E89FC-F364-4C7D-A20A-CACFBF11C196}.Debug|Mixed Platforms.Build.0 = Debug|Any CPU
		{F53E89FC-F364-4C7D-A20A-CACFBF11C196}.Release|.NET.ActiveCfg = Release|Any CPU
		{F53E89FC-F364-4C7D-A20A-CACFBF11C196}.Release|Any CPU.ActiveCfg = Release|Any CPU
		{F53E89FC-F364-4C7D-A20A-CACFBF11C196}.Release|Any CPU.Build.0 = Release|Any CPU
		{F53E89FC-F364-4C7D-A20A-CACFBF11C196}.Release|Mixed Platforms.ActiveCfg = Release|Any CPU
		{F53E89FC-F364-4C7D-A20A-CACFBF11C196}.Release|Mixed Platforms.Build.0 = Release|Any CPU
		{48E4289C-FABF-46F6-AC45-AAA4224F84D3}.Debug|.NET.ActiveCfg = Debug|Any CPU
		{48E4289C-FABF-46F6-AC45-AAA4224F84D3}.Debug|Any CPU.ActiveCfg = Debug|Any CPU
		{48E4289C-FABF-46F6-AC45-AAA4224F84D3}.Debug|Any CPU.Build.0 = Debug|Any CPU
		{48E4289C-FABF-46F6-AC45-AAA4224F84D3}.Debug|Mixed Platforms.ActiveCfg = Debug|Any CPU
		{48E4289C-FABF-46F6-AC45-AAA4224F84D3}.Debug|Mixed Platforms.Build.0 = Debug|Any CPU
		{48E4289C-FABF-46F6-AC45-AAA4224F84D3}.Release|.NET.ActiveCfg = Release|Any CPU
		{48E4289C-FABF-46F6-AC45-AAA4224F84D3}.Release|Any CPU.ActiveCfg = Release|Any CPU
		{48E4289C-FABF-46F6-AC45-AAA4224F84D3}.Release|Any CPU.Build.0 = Release|Any CPU
		{48E4289C-FABF-46F6-AC45-AAA4224F84D3}.Release|Mixed Platforms.ActiveCfg = Release|Any CPU
		{48E4289C-FABF-46F6-AC45-AAA4224F84D3}.Release|Mixed Platforms.Build.0 = Release|Any CPU
		{C79309C3-3E59-490C-89EA-6A4AA05B0DD5}.Debug|.NET.ActiveCfg = Debug|Any CPU
		{C79309C3-3E59-490C-89EA-6A4AA05B0DD5}.Debug|Any CPU.ActiveCfg = Debug|Any CPU
		{C79309C3-3E59-490C-89EA-6A4AA05B0DD5}.Debug|Any CPU.Build.0 = Debug|Any CPU
		{C79309C3-3E59-490C-89EA-6A4AA05B0DD5}.Debug|Mixed Platforms.ActiveCfg = Debug|Any CPU
		{C79309C3-3E59-490C-89EA-6A4AA05B0DD5}.Debug|Mixed Platforms.Build.0 = Debug|Any CPU
		{C79309C3-3E59-490C-89EA-6A4AA05B0DD5}.Release|.NET.ActiveCfg = Release|Any CPU
		{C79309C3-3E59-490C-89EA-6A4AA05B0DD5}.Release|Any CPU.ActiveCfg = Release|Any CPU
		{C79309C3-3E59-490C-89EA-6A4AA05B0DD5}.Release|Any CPU.Build.0 = Release|Any CPU
		{C79309C3-3E59-490C-89EA-6A4AA05B0DD5}.Release|Mixed Platforms.ActiveCfg = Release|Any CPU
		{C79309C3-3E59-490C-89EA-6A4AA05B0DD5}.Release|Mixed Platforms.Build.0 = Release|Any CPU
		{92805D19-5BFD-4EC4-B485-BEF6598CD14A}.Debug|.NET.ActiveCfg = Debug|Any CPU
		{92805D19-5BFD-4EC4-B485-BEF6598CD14A}.Debug|Any CPU.ActiveCfg = Debug|Any CPU
		{92805D19-5BFD-4EC4-B485-BEF6598CD14A}.Debug|Any CPU.Build.0 = Debug|Any CPU
		{92805D19-5BFD-4EC4-B485-BEF6598CD14A}.Debug|Mixed Platforms.ActiveCfg = Debug|Any CPU
		{92805D19-5BFD-4EC4-B485-BEF6598CD14A}.Debug|Mixed Platforms.Build.0 = Debug|Any CPU
		{92805D19-5BFD-4EC4-B485-BEF6598CD14A}.Release|.NET.ActiveCfg = Release|Any CPU
		{92805D19-5BFD-4EC4-B485-BEF6598CD14A}.Release|Any CPU.ActiveCfg = Release|Any CPU
		{92805D19-5BFD-4EC4-B485-BEF6598CD14A}.Release|Any CPU.Build.0 = Release|Any CPU
		{92805D19-5BFD-4EC4-B485-BEF6598CD14A}.Release|Mixed Platforms.ActiveCfg = Release|Any CPU
		{92805D19-5BFD-4EC4-B485-BEF6598CD14A}.Release|Mixed Platforms.Build.0 = Release|Any CPU
		{EE0F0B59-1970-4929-A73D-1A89862F9B83}.Debug|.NET.ActiveCfg = Debug|Any CPU
		{EE0F0B59-1970-4929-A73D-1A89862F9B83}.Debug|Any CPU.ActiveCfg = Debug|Any CPU
		{EE0F0B59-1970-4929-A73D-1A89862F9B83}.Debug|Any CPU.Build.0 = Debug|Any CPU
		{EE0F0B59-1970-4929-A73D-1A89862F9B83}.Debug|Mixed Platforms.ActiveCfg = Debug|Any CPU
		{EE0F0B59-1970-4929-A73D-1A89862F9B83}.Debug|Mixed Platforms.Build.0 = Debug|Any CPU
		{EE0F0B59-1970-4929-A73D-1A89862F9B83}.Release|.NET.ActiveCfg = Release|Any CPU
		{EE0F0B59-1970-4929-A73D-1A89862F9B83}.Release|Any CPU.ActiveCfg = Release|Any CPU
		{EE0F0B59-1970-4929-A73D-1A89862F9B83}.Release|Any CPU.Build.0 = Release|Any CPU
		{EE0F0B59-1970-4929-A73D-1A89862F9B83}.Release|Mixed Platforms.ActiveCfg = Release|Any CPU
		{EE0F0B59-1970-4929-A73D-1A89862F9B83}.Release|Mixed Platforms.Build.0 = Release|Any CPU
		{879D6E88-9A3B-43A2-AA04-9FEDE243EF2A}.Debug|.NET.ActiveCfg = Debug|.NET
		{879D6E88-9A3B-43A2-AA04-9FEDE243EF2A}.Debug|.NET.Build.0 = Debug|.NET
		{879D6E88-9A3B-43A2-AA04-9FEDE243EF2A}.Debug|Any CPU.ActiveCfg = Debug|.NET
		{879D6E88-9A3B-43A2-AA04-9FEDE243EF2A}.Debug|Mixed Platforms.ActiveCfg = Debug|.NET
		{879D6E88-9A3B-43A2-AA04-9FEDE243EF2A}.Debug|Mixed Platforms.Build.0 = Debug|.NET
		{879D6E88-9A3B-43A2-AA04-9FEDE243EF2A}.Release|.NET.ActiveCfg = Debug|.NET
		{879D6E88-9A3B-43A2-AA04-9FEDE243EF2A}.Release|.NET.Build.0 = Debug|.NET
		{879D6E88-9A3B-43A2-AA04-9FEDE243EF2A}.Release|Any CPU.ActiveCfg = Debug|.NET
		{879D6E88-9A3B-43A2-AA04-9FEDE243EF2A}.Release|Mixed Platforms.ActiveCfg = Debug|.NET
		{879D6E88-9A3B-43A2-AA04-9FEDE243EF2A}.Release|Mixed Platforms.Build.0 = Debug|.NET
		{A73147C3-73C4-4590-9EC4-250AC83F4EF5}.Debug|.NET.ActiveCfg = Debug|Any CPU
		{A73147C3-73C4-4590-9EC4-250AC83F4EF5}.Debug|Any CPU.ActiveCfg = Debug|Any CPU
		{A73147C3-73C4-4590-9EC4-250AC83F4EF5}.Debug|Any CPU.Build.0 = Debug|Any CPU
		{A73147C3-73C4-4590-9EC4-250AC83F4EF5}.Debug|Mixed Platforms.ActiveCfg = Debug|Any CPU
		{A73147C3-73C4-4590-9EC4-250AC83F4EF5}.Debug|Mixed Platforms.Build.0 = Debug|Any CPU
		{A73147C3-73C4-4590-9EC4-250AC83F4EF5}.Release|.NET.ActiveCfg = Release|Any CPU
		{A73147C3-73C4-4590-9EC4-250AC83F4EF5}.Release|Any CPU.ActiveCfg = Release|Any CPU
		{A73147C3-73C4-4590-9EC4-250AC83F4EF5}.Release|Any CPU.Build.0 = Release|Any CPU
		{A73147C3-73C4-4590-9EC4-250AC83F4EF5}.Release|Mixed Platforms.ActiveCfg = Release|Any CPU
		{A73147C3-73C4-4590-9EC4-250AC83F4EF5}.Release|Mixed Platforms.Build.0 = Release|Any CPU
		{9293C04C-D2E7-449F-833E-6E6624DCD6F4}.Debug|.NET.ActiveCfg = Debug|Any CPU
		{9293C04C-D2E7-449F-833E-6E6624DCD6F4}.Debug|Any CPU.ActiveCfg = Debug|Any CPU
		{9293C04C-D2E7-449F-833E-6E6624DCD6F4}.Debug|Any CPU.Build.0 = Debug|Any CPU
		{9293C04C-D2E7-449F-833E-6E6624DCD6F4}.Debug|Mixed Platforms.ActiveCfg = Debug|Any CPU
		{9293C04C-D2E7-449F-833E-6E6624DCD6F4}.Debug|Mixed Platforms.Build.0 = Debug|Any CPU
		{9293C04C-D2E7-449F-833E-6E6624DCD6F4}.Release|.NET.ActiveCfg = Release|Any CPU
		{9293C04C-D2E7-449F-833E-6E6624DCD6F4}.Release|Any CPU.ActiveCfg = Release|Any CPU
		{9293C04C-D2E7-449F-833E-6E6624DCD6F4}.Release|Any CPU.Build.0 = Release|Any CPU
		{9293C04C-D2E7-449F-833E-6E6624DCD6F4}.Release|Mixed Platforms.ActiveCfg = Release|Any CPU
		{9293C04C-D2E7-449F-833E-6E6624DCD6F4}.Release|Mixed Platforms.Build.0 = Release|Any CPU
		{B36CF407-9408-428D-A2B7-0245E58CDE17}.Debug|.NET.ActiveCfg = Debug|Any CPU
		{B36CF407-9408-428D-A2B7-0245E58CDE17}.Debug|Any CPU.ActiveCfg = Debug|Any CPU
		{B36CF407-9408-428D-A2B7-0245E58CDE17}.Debug|Any CPU.Build.0 = Debug|Any CPU
		{B36CF407-9408-428D-A2B7-0245E58CDE17}.Debug|Mixed Platforms.ActiveCfg = Debug|Any CPU
		{B36CF407-9408-428D-A2B7-0245E58CDE17}.Debug|Mixed Platforms.Build.0 = Debug|Any CPU
		{B36CF407-9408-428D-A2B7-0245E58CDE17}.Release|.NET.ActiveCfg = Release|Any CPU
		{B36CF407-9408-428D-A2B7-0245E58CDE17}.Release|Any CPU.ActiveCfg = Release|Any CPU
		{B36CF407-9408-428D-A2B7-0245E58CDE17}.Release|Any CPU.Build.0 = Release|Any CPU
		{B36CF407-9408-428D-A2B7-0245E58CDE17}.Release|Mixed Platforms.ActiveCfg = Release|Any CPU
		{B36CF407-9408-428D-A2B7-0245E58CDE17}.Release|Mixed Platforms.Build.0 = Release|Any CPU
	EndGlobalSection
	GlobalSection(SolutionProperties) = preSolution
		HideSolutionNode = FALSE
	EndGlobalSection
	GlobalSection(NestedProjects) = preSolution
		{C79309C3-3E59-490C-89EA-6A4AA05B0DD5} = {A0CF8258-917F-4756-BF94-7C3F7E254352}
		{48E4289C-FABF-46F6-AC45-AAA4224F84D3} = {A0CF8258-917F-4756-BF94-7C3F7E254352}
		{EE0F0B59-1970-4929-A73D-1A89862F9B83} = {B56B0A84-6668-4625-BBE3-7AADF2DBE22C}
		{879D6E88-9A3B-43A2-AA04-9FEDE243EF2A} = {B56B0A84-6668-4625-BBE3-7AADF2DBE22C}
		{9293C04C-D2E7-449F-833E-6E6624DCD6F4} = {B56B0A84-6668-4625-BBE3-7AADF2DBE22C}
		{92805D19-5BFD-4EC4-B485-BEF6598CD14A} = {B56B0A84-6668-4625-BBE3-7AADF2DBE22C}
	EndGlobalSection
	GlobalSection(TeamFoundationVersionControl) = preSolution
		SccNumberOfProjects = 11
		SccEnterpriseProvider = {4CA58AB2-18FA-4F8D-95D4-32DDF27D184C}
		SccTeamFoundationServer = https://tfs01.codeplex.com/
		SccLocalPath0 = .
		SccProjectUniqueName1 = Debug\\Debug.csproj
		SccProjectName1 = Debug
		SccLocalPath1 = Debug
		SccProjectUniqueName2 = Lephone.MockSql\\Lephone.MockSql.csproj
		SccProjectName2 = Lephone.MockSql
		SccLocalPath2 = Lephone.MockSql
		SccProjectUniqueName3 = SqlRecorder\\SqlRecorder.csproj
		SccProjectName3 = SqlRecorder
		SccLocalPath3 = SqlRecorder
		SccProjectUniqueName4 = Lephone.UnitTest\\Lephone.UnitTest.csproj
		SccProjectName4 = Lephone.UnitTest
		SccLocalPath4 = Lephone.UnitTest
		SccWebProject5 = true
		SccProjectUniqueName5 = WebDebug
		SccProjectName5 = WebDebug
		SccLocalPath5 = .
		SccProjectFilePathRelativizedFromConnection5 = WebDebug\\
		SccProjectEnlistmentChoice5 = 2
		SccProjectUniqueName6 = Lephone.Data\\Lephone.Data.csproj
		SccProjectName6 = Lephone.Data
		SccLocalPath6 = Lephone.Data
		SccProjectUniqueName7 = Lephone.Util\\Lephone.Util.csproj
		SccProjectName7 = Lephone.Util
		SccLocalPath7 = Lephone.Util
		SccProjectUniqueName8 = Lephone.Web\\Lephone.Web.csproj
		SccProjectName8 = Lephone.Web
		SccLocalPath8 = Lephone.Web
		SccProjectUniqueName9 = WebDebugLib\\DebugLib.csproj
		SccProjectName9 = WebDebugLib
		SccLocalPath9 = WebDebugLib
		SccProjectUniqueName10 = Lephone.Linq\\Lephone.Linq.csproj
		SccProjectName10 = Lephone.Linq
		SccLocalPath10 = Lephone.Linq
	EndGlobalSection
EndGlobal
