
Microsoft Visual Studio Solution File, Format Version 12.00
# Visual Studio 2012
VisualStudioVersion = 12.0.31101.0
MinimumVisualStudioVersion = 10.0.40219.1
Project("{2150E333-8FDC-42A3-9474-1A3956D46DE8}") = "Solution Items", "Solution Items", "{3E42B44C-3848-4A14-B2E7-69A309C59B91}"
	ProjectSection(SolutionItems) = preProject
		Resources\aprop.snippet = Resources\aprop.snippet
		Resources\BasicStyle.css = Resources\BasicStyle.css
		Resources\cecil_LICENSE.txt = Resources\cecil_LICENSE.txt
		Resources\dbentry.xml.snippet = Resources\dbentry.xml.snippet
		Resources\dbmodel.snippet = Resources\dbmodel.snippet
		Resources\dsource.snippet = Resources\dsource.snippet
		License.txt = License.txt
		Resources\nunit.framework.dll = Resources\nunit.framework.dll
		Resources\test.snippet = Resources\test.snippet
		Resources\trans.snippet = Resources\trans.snippet
		Resources\vsprop.snippet = Resources\vsprop.snippet
	EndProjectSection
EndProject
Project("{FAE04EC0-301F-11D3-BF4B-00C04F79EFBC}") = "Leafing.Data", "Leafing.Data\Leafing.Data.csproj", "{25AFD300-493A-4553-B4DC-129D3A9022A8}"
EndProject
Project("{FAE04EC0-301F-11D3-BF4B-00C04F79EFBC}") = "Leafing.Core", "Leafing.Core\Leafing.Core.csproj", "{891EAD10-3C90-4478-A695-71F5537C2AA2}"
EndProject
Project("{FAE04EC0-301F-11D3-BF4B-00C04F79EFBC}") = "Leafing.Processor", "Leafing.Processor\Leafing.Processor.csproj", "{F44CB5CA-3328-43C3-B640-443A1A57A745}"
EndProject
Project("{FAE04EC0-301F-11D3-BF4B-00C04F79EFBC}") = "Leafing.Data.Oracle8", "Leafing.Data.Oracle8\Leafing.Data.Oracle8.csproj", "{EE035A63-2ABA-4B2C-B716-780CF8CFB631}"
EndProject
Project("{FAE04EC0-301F-11D3-BF4B-00C04F79EFBC}") = "Leafing.MSBuild", "Leafing.MSBuild\Leafing.MSBuild.csproj", "{595F0E6C-6387-4BB0-A77C-BCB482FCDCDD}"
EndProject
Global
	GlobalSection(SolutionConfigurationPlatforms) = preSolution
		Debug|.NET = Debug|.NET
		Debug|Any CPU = Debug|Any CPU
		Debug|Mixed Platforms = Debug|Mixed Platforms
		Debug|x86 = Debug|x86
		Release|.NET = Release|.NET
		Release|Any CPU = Release|Any CPU
		Release|Mixed Platforms = Release|Mixed Platforms
		Release|x86 = Release|x86
	EndGlobalSection
	GlobalSection(ProjectConfigurationPlatforms) = postSolution
		{25AFD300-493A-4553-B4DC-129D3A9022A8}.Debug|.NET.ActiveCfg = Debug|Any CPU
		{25AFD300-493A-4553-B4DC-129D3A9022A8}.Debug|Any CPU.ActiveCfg = Debug|Any CPU
		{25AFD300-493A-4553-B4DC-129D3A9022A8}.Debug|Any CPU.Build.0 = Debug|Any CPU
		{25AFD300-493A-4553-B4DC-129D3A9022A8}.Debug|Mixed Platforms.ActiveCfg = Debug|Any CPU
		{25AFD300-493A-4553-B4DC-129D3A9022A8}.Debug|Mixed Platforms.Build.0 = Debug|Any CPU
		{25AFD300-493A-4553-B4DC-129D3A9022A8}.Debug|x86.ActiveCfg = Debug|Any CPU
		{25AFD300-493A-4553-B4DC-129D3A9022A8}.Release|.NET.ActiveCfg = Release|Any CPU
		{25AFD300-493A-4553-B4DC-129D3A9022A8}.Release|Any CPU.ActiveCfg = Release|Any CPU
		{25AFD300-493A-4553-B4DC-129D3A9022A8}.Release|Any CPU.Build.0 = Release|Any CPU
		{25AFD300-493A-4553-B4DC-129D3A9022A8}.Release|Mixed Platforms.ActiveCfg = Release|Any CPU
		{25AFD300-493A-4553-B4DC-129D3A9022A8}.Release|Mixed Platforms.Build.0 = Release|Any CPU
		{25AFD300-493A-4553-B4DC-129D3A9022A8}.Release|x86.ActiveCfg = Release|Any CPU
		{595F0E6C-6387-4BB0-A77C-BCB482FCDCDD}.Debug|.NET.ActiveCfg = Debug|Any CPU
		{595F0E6C-6387-4BB0-A77C-BCB482FCDCDD}.Debug|.NET.Build.0 = Debug|Any CPU
		{595F0E6C-6387-4BB0-A77C-BCB482FCDCDD}.Debug|Any CPU.ActiveCfg = Debug|Any CPU
		{595F0E6C-6387-4BB0-A77C-BCB482FCDCDD}.Debug|Any CPU.Build.0 = Debug|Any CPU
		{595F0E6C-6387-4BB0-A77C-BCB482FCDCDD}.Debug|Mixed Platforms.ActiveCfg = Debug|Any CPU
		{595F0E6C-6387-4BB0-A77C-BCB482FCDCDD}.Debug|Mixed Platforms.Build.0 = Debug|Any CPU
		{595F0E6C-6387-4BB0-A77C-BCB482FCDCDD}.Debug|x86.ActiveCfg = Debug|Any CPU
		{595F0E6C-6387-4BB0-A77C-BCB482FCDCDD}.Debug|x86.Build.0 = Debug|Any CPU
		{595F0E6C-6387-4BB0-A77C-BCB482FCDCDD}.Release|.NET.ActiveCfg = Release|Any CPU
		{595F0E6C-6387-4BB0-A77C-BCB482FCDCDD}.Release|.NET.Build.0 = Release|Any CPU
		{595F0E6C-6387-4BB0-A77C-BCB482FCDCDD}.Release|Any CPU.ActiveCfg = Release|Any CPU
		{595F0E6C-6387-4BB0-A77C-BCB482FCDCDD}.Release|Any CPU.Build.0 = Release|Any CPU
		{595F0E6C-6387-4BB0-A77C-BCB482FCDCDD}.Release|Mixed Platforms.ActiveCfg = Release|Any CPU
		{595F0E6C-6387-4BB0-A77C-BCB482FCDCDD}.Release|Mixed Platforms.Build.0 = Release|Any CPU
		{595F0E6C-6387-4BB0-A77C-BCB482FCDCDD}.Release|x86.ActiveCfg = Release|Any CPU
		{595F0E6C-6387-4BB0-A77C-BCB482FCDCDD}.Release|x86.Build.0 = Release|Any CPU
		{891EAD10-3C90-4478-A695-71F5537C2AA2}.Debug|.NET.ActiveCfg = Debug|Any CPU
		{891EAD10-3C90-4478-A695-71F5537C2AA2}.Debug|Any CPU.ActiveCfg = Debug|Any CPU
		{891EAD10-3C90-4478-A695-71F5537C2AA2}.Debug|Any CPU.Build.0 = Debug|Any CPU
		{891EAD10-3C90-4478-A695-71F5537C2AA2}.Debug|Mixed Platforms.ActiveCfg = Debug|Any CPU
		{891EAD10-3C90-4478-A695-71F5537C2AA2}.Debug|Mixed Platforms.Build.0 = Debug|Any CPU
		{891EAD10-3C90-4478-A695-71F5537C2AA2}.Debug|x86.ActiveCfg = Debug|Any CPU
		{891EAD10-3C90-4478-A695-71F5537C2AA2}.Release|.NET.ActiveCfg = Release|Any CPU
		{891EAD10-3C90-4478-A695-71F5537C2AA2}.Release|Any CPU.ActiveCfg = Release|Any CPU
		{891EAD10-3C90-4478-A695-71F5537C2AA2}.Release|Any CPU.Build.0 = Release|Any CPU
		{891EAD10-3C90-4478-A695-71F5537C2AA2}.Release|Mixed Platforms.ActiveCfg = Release|Any CPU
		{891EAD10-3C90-4478-A695-71F5537C2AA2}.Release|Mixed Platforms.Build.0 = Release|Any CPU
		{891EAD10-3C90-4478-A695-71F5537C2AA2}.Release|x86.ActiveCfg = Release|Any CPU
		{EE035A63-2ABA-4B2C-B716-780CF8CFB631}.Debug|.NET.ActiveCfg = Debug|Any CPU
		{EE035A63-2ABA-4B2C-B716-780CF8CFB631}.Debug|Any CPU.ActiveCfg = Debug|Any CPU
		{EE035A63-2ABA-4B2C-B716-780CF8CFB631}.Debug|Any CPU.Build.0 = Debug|Any CPU
		{EE035A63-2ABA-4B2C-B716-780CF8CFB631}.Debug|Mixed Platforms.ActiveCfg = Debug|Any CPU
		{EE035A63-2ABA-4B2C-B716-780CF8CFB631}.Debug|Mixed Platforms.Build.0 = Debug|Any CPU
		{EE035A63-2ABA-4B2C-B716-780CF8CFB631}.Debug|x86.ActiveCfg = Debug|Any CPU
		{EE035A63-2ABA-4B2C-B716-780CF8CFB631}.Release|.NET.ActiveCfg = Release|Any CPU
		{EE035A63-2ABA-4B2C-B716-780CF8CFB631}.Release|Any CPU.ActiveCfg = Release|Any CPU
		{EE035A63-2ABA-4B2C-B716-780CF8CFB631}.Release|Any CPU.Build.0 = Release|Any CPU
		{EE035A63-2ABA-4B2C-B716-780CF8CFB631}.Release|Mixed Platforms.ActiveCfg = Release|Any CPU
		{EE035A63-2ABA-4B2C-B716-780CF8CFB631}.Release|Mixed Platforms.Build.0 = Release|Any CPU
		{EE035A63-2ABA-4B2C-B716-780CF8CFB631}.Release|x86.ActiveCfg = Release|Any CPU
		{F44CB5CA-3328-43C3-B640-443A1A57A745}.Debug|.NET.ActiveCfg = Debug|Any CPU
		{F44CB5CA-3328-43C3-B640-443A1A57A745}.Debug|Any CPU.ActiveCfg = Debug|Any CPU
		{F44CB5CA-3328-43C3-B640-443A1A57A745}.Debug|Any CPU.Build.0 = Debug|Any CPU
		{F44CB5CA-3328-43C3-B640-443A1A57A745}.Debug|Mixed Platforms.ActiveCfg = Debug|Any CPU
		{F44CB5CA-3328-43C3-B640-443A1A57A745}.Debug|Mixed Platforms.Build.0 = Debug|Any CPU
		{F44CB5CA-3328-43C3-B640-443A1A57A745}.Debug|x86.ActiveCfg = Debug|Any CPU
		{F44CB5CA-3328-43C3-B640-443A1A57A745}.Release|.NET.ActiveCfg = Release|Any CPU
		{F44CB5CA-3328-43C3-B640-443A1A57A745}.Release|Any CPU.ActiveCfg = Release|Any CPU
		{F44CB5CA-3328-43C3-B640-443A1A57A745}.Release|Any CPU.Build.0 = Release|Any CPU
		{F44CB5CA-3328-43C3-B640-443A1A57A745}.Release|Mixed Platforms.ActiveCfg = Release|Any CPU
		{F44CB5CA-3328-43C3-B640-443A1A57A745}.Release|Mixed Platforms.Build.0 = Release|Any CPU
		{F44CB5CA-3328-43C3-B640-443A1A57A745}.Release|x86.ActiveCfg = Release|Any CPU
	EndGlobalSection
	GlobalSection(NestedProjects) = preSolution
	EndGlobalSection
	GlobalSection(SolutionProperties) = preSolution
		HideSolutionNode = FALSE
	EndGlobalSection
EndGlobal
