
Microsoft Visual Studio Solution File, Format Version 11.00
# Visual Studio 2010
Project("{2150E333-8FDC-42A3-9474-1A3956D46DE8}") = "Solution Items", "Solution Items", "{3E42B44C-3848-4A14-B2E7-69A309C59B91}"
	ProjectSection(SolutionItems) = preProject
		Resources\aprop.snippet = Resources\aprop.snippet
		Resources\BasicStyle.css = Resources\BasicStyle.css
		Resources\cecil_LICENSE.txt = Resources\cecil_LICENSE.txt
		Resources\dbentry.xml.snippet = Resources\dbentry.xml.snippet
		Resources\dbmodel.snippet = Resources\dbmodel.snippet
		Resources\dsource.snippet = Resources\dsource.snippet
		License.txt = License.txt
		Resources\nunit.framework.dll = Resources\nunit.framework.dll
		Resources\test.snippet = Resources\test.snippet
		Resources\trans.snippet = Resources\trans.snippet
		Resources\vsprop.snippet = Resources\vsprop.snippet
	EndProjectSection
EndProject
Project("{2150E333-8FDC-42A3-9474-1A3956D46DE8}") = "UnitTest Projects", "UnitTest Projects", "{A0CF8258-917F-4756-BF94-7C3F7E254352}"
EndProject
Project("{FAE04EC0-301F-11D3-BF4B-00C04F79EFBC}") = "Leafing.Data", "Leafing.Data\Leafing.Data.csproj", "{25AFD300-493A-4553-B4DC-129D3A9022A8}"
EndProject
Project("{FAE04EC0-301F-11D3-BF4B-00C04F79EFBC}") = "Leafing.UnitTest", "Leafing.UnitTest\Leafing.UnitTest.csproj", "{48E4289C-FABF-46F6-AC45-AAA4224F84D3}"
	ProjectSection(ProjectDependencies) = postProject
		{F44CB5CA-3328-43C3-B640-443A1A57A745} = {F44CB5CA-3328-43C3-B640-443A1A57A745}
	EndProjectSection
EndProject
Project("{FAE04EC0-301F-11D3-BF4B-00C04F79EFBC}") = "Leafing.MockSql", "Leafing.MockSql\Leafing.MockSql.csproj", "{C79309C3-3E59-490C-89EA-6A4AA05B0DD5}"
EndProject
Project("{FAE04EC0-301F-11D3-BF4B-00C04F79EFBC}") = "Leafing.Web", "Leafing.Web\Leafing.Web.csproj", "{A73147C3-73C4-4590-9EC4-250AC83F4EF5}"
	ProjectSection(ProjectDependencies) = postProject
		{D009E584-9511-4243-9D2D-CD74079FB425} = {D009E584-9511-4243-9D2D-CD74079FB425}
		{F44CB5CA-3328-43C3-B640-443A1A57A745} = {F44CB5CA-3328-43C3-B640-443A1A57A745}
	EndProjectSection
EndProject
Project("{FAE04EC0-301F-11D3-BF4B-00C04F79EFBC}") = "Leafing.CodeGen", "Leafing.CodeGen\Leafing.CodeGen.csproj", "{B36CF407-9408-428D-A2B7-0245E58CDE17}"
	ProjectSection(ProjectDependencies) = postProject
		{D009E584-9511-4243-9D2D-CD74079FB425} = {D009E584-9511-4243-9D2D-CD74079FB425}
		{F44CB5CA-3328-43C3-B640-443A1A57A745} = {F44CB5CA-3328-43C3-B640-443A1A57A745}
	EndProjectSection
EndProject
Project("{FAE04EC0-301F-11D3-BF4B-00C04F79EFBC}") = "Leafing.Core", "Leafing.Core\Leafing.Core.csproj", "{891EAD10-3C90-4478-A695-71F5537C2AA2}"
EndProject
Project("{FAE04EC0-301F-11D3-BF4B-00C04F79EFBC}") = "Leafing.Processor", "Leafing.Processor\Leafing.Processor.csproj", "{F44CB5CA-3328-43C3-B640-443A1A57A745}"
EndProject
Project("{FAE04EC0-301F-11D3-BF4B-00C04F79EFBC}") = "Leafing.Data.Oracle8", "Leafing.Data.Oracle8\Leafing.Data.Oracle8.csproj", "{EE035A63-2ABA-4B2C-B716-780CF8CFB631}"
EndProject
Project("{2150E333-8FDC-42A3-9474-1A3956D46DE8}") = "Soaring Projects", "Soaring Projects", "{12CB8C04-711F-484B-BA8B-C2A7FD688592}"
EndProject
Project("{FAE04EC0-301F-11D3-BF4B-00C04F79EFBC}") = "Soaring.Biz", "Soaring.Biz\Soaring.Biz.csproj", "{2BC955EE-377B-42CD-B189-2A17AF99D9AD}"
	ProjectSection(ProjectDependencies) = postProject
		{F44CB5CA-3328-43C3-B640-443A1A57A745} = {F44CB5CA-3328-43C3-B640-443A1A57A745}
	EndProjectSection
EndProject
Project("{FAE04EC0-301F-11D3-BF4B-00C04F79EFBC}") = "Soaring.UnitTest", "Soaring.UnitTest\Soaring.UnitTest.csproj", "{60C6E25A-4FCA-4C02-92E4-111BD45555CB}"
EndProject
Project("{E24C65DC-7377-472B-9ABA-BC803B73C61A}") = "Soaring", "Soaring\", "{A8801ED6-2D55-4CB5-8153-1644462083C6}"
	ProjectSection(WebsiteProperties) = preProject
		TargetFrameworkMoniker = ".NETFramework,Version%3Dv4.0"
		ProjectReferences = "{2BC955EE-377B-42CD-B189-2A17AF99D9AD}|Soaring.Biz.dll;{891EAD10-3C90-4478-A695-71F5537C2AA2}|Leafing.Core.dll;{25AFD300-493A-4553-B4DC-129D3A9022A8}|Leafing.Data.dll;{A73147C3-73C4-4590-9EC4-250AC83F4EF5}|Leafing.Web.dll;"
		Debug.AspNetCompiler.VirtualPath = "/Soaring"
		Debug.AspNetCompiler.PhysicalPath = "Soaring\"
		Debug.AspNetCompiler.TargetPath = "PrecompiledWeb\Soaring\"
		Debug.AspNetCompiler.Updateable = "true"
		Debug.AspNetCompiler.ForceOverwrite = "true"
		Debug.AspNetCompiler.FixedNames = "false"
		Debug.AspNetCompiler.Debug = "True"
		Release.AspNetCompiler.VirtualPath = "/Soaring"
		Release.AspNetCompiler.PhysicalPath = "Soaring\"
		Release.AspNetCompiler.TargetPath = "PrecompiledWeb\Soaring\"
		Release.AspNetCompiler.Updateable = "true"
		Release.AspNetCompiler.ForceOverwrite = "true"
		Release.AspNetCompiler.FixedNames = "false"
		Release.AspNetCompiler.Debug = "False"
		VWDPort = "2765"
		DefaultWebSiteLanguage = "Visual C#"
	EndProjectSection
EndProject
Project("{FAE04EC0-301F-11D3-BF4B-00C04F79EFBC}") = "Leafing.Extra", "Leafing.Extra\Leafing.Extra.csproj", "{D009E584-9511-4243-9D2D-CD74079FB425}"
	ProjectSection(ProjectDependencies) = postProject
		{F44CB5CA-3328-43C3-B640-443A1A57A745} = {F44CB5CA-3328-43C3-B640-443A1A57A745}
	EndProjectSection
EndProject
Project("{FAE04EC0-301F-11D3-BF4B-00C04F79EFBC}") = "Leafing.UnitTest.NoConfig", "Leafing.UnitTest.NoConfig\Leafing.UnitTest.NoConfig.csproj", "{77F62E15-6EBD-4E19-BE39-D9D823717B50}"
	ProjectSection(ProjectDependencies) = postProject
		{F44CB5CA-3328-43C3-B640-443A1A57A745} = {F44CB5CA-3328-43C3-B640-443A1A57A745}
	EndProjectSection
EndProject
Project("{F184B08F-C81C-45F6-A57F-5ABD9991F28F}") = "Leafing.UnitTest.VB", "Leafing.UnitTest.VB\Leafing.UnitTest.VB.vbproj", "{68D482CB-3284-42B4-9641-2DC146730FED}"
	ProjectSection(ProjectDependencies) = postProject
		{F44CB5CA-3328-43C3-B640-443A1A57A745} = {F44CB5CA-3328-43C3-B640-443A1A57A745}
	EndProjectSection
EndProject
Project("{54435603-DBB4-11D2-8724-00A0C9A8B90C}") = "Leafing.Setup", "Leafing.Setup\Leafing.Setup.vdproj", "{0FB22CE7-4C62-49BF-96B8-80A704ACF244}"
EndProject
Global
	GlobalSection(SolutionConfigurationPlatforms) = preSolution
		Debug|.NET = Debug|.NET
		Debug|Any CPU = Debug|Any CPU
		Debug|Mixed Platforms = Debug|Mixed Platforms
		Debug|x86 = Debug|x86
		Release|.NET = Release|.NET
		Release|Any CPU = Release|Any CPU
		Release|Mixed Platforms = Release|Mixed Platforms
		Release|x86 = Release|x86
	EndGlobalSection
	GlobalSection(ProjectConfigurationPlatforms) = postSolution
		{25AFD300-493A-4553-B4DC-129D3A9022A8}.Debug|.NET.ActiveCfg = Debug|Any CPU
		{25AFD300-493A-4553-B4DC-129D3A9022A8}.Debug|Any CPU.ActiveCfg = Debug|Any CPU
		{25AFD300-493A-4553-B4DC-129D3A9022A8}.Debug|Any CPU.Build.0 = Debug|Any CPU
		{25AFD300-493A-4553-B4DC-129D3A9022A8}.Debug|Mixed Platforms.ActiveCfg = Debug|Any CPU
		{25AFD300-493A-4553-B4DC-129D3A9022A8}.Debug|Mixed Platforms.Build.0 = Debug|Any CPU
		{25AFD300-493A-4553-B4DC-129D3A9022A8}.Debug|x86.ActiveCfg = Debug|Any CPU
		{25AFD300-493A-4553-B4DC-129D3A9022A8}.Release|.NET.ActiveCfg = Release|Any CPU
		{25AFD300-493A-4553-B4DC-129D3A9022A8}.Release|Any CPU.ActiveCfg = Release|Any CPU
		{25AFD300-493A-4553-B4DC-129D3A9022A8}.Release|Any CPU.Build.0 = Release|Any CPU
		{25AFD300-493A-4553-B4DC-129D3A9022A8}.Release|Mixed Platforms.ActiveCfg = Release|Any CPU
		{25AFD300-493A-4553-B4DC-129D3A9022A8}.Release|Mixed Platforms.Build.0 = Release|Any CPU
		{25AFD300-493A-4553-B4DC-129D3A9022A8}.Release|x86.ActiveCfg = Release|Any CPU
		{48E4289C-FABF-46F6-AC45-AAA4224F84D3}.Debug|.NET.ActiveCfg = Debug|Any CPU
		{48E4289C-FABF-46F6-AC45-AAA4224F84D3}.Debug|Any CPU.ActiveCfg = Debug|Any CPU
		{48E4289C-FABF-46F6-AC45-AAA4224F84D3}.Debug|Any CPU.Build.0 = Debug|Any CPU
		{48E4289C-FABF-46F6-AC45-AAA4224F84D3}.Debug|Mixed Platforms.ActiveCfg = Debug|Any CPU
		{48E4289C-FABF-46F6-AC45-AAA4224F84D3}.Debug|Mixed Platforms.Build.0 = Debug|Any CPU
		{48E4289C-FABF-46F6-AC45-AAA4224F84D3}.Debug|x86.ActiveCfg = Debug|Any CPU
		{48E4289C-FABF-46F6-AC45-AAA4224F84D3}.Release|.NET.ActiveCfg = Release|Any CPU
		{48E4289C-FABF-46F6-AC45-AAA4224F84D3}.Release|Any CPU.ActiveCfg = Release|Any CPU
		{48E4289C-FABF-46F6-AC45-AAA4224F84D3}.Release|Any CPU.Build.0 = Release|Any CPU
		{48E4289C-FABF-46F6-AC45-AAA4224F84D3}.Release|Mixed Platforms.ActiveCfg = Release|Any CPU
		{48E4289C-FABF-46F6-AC45-AAA4224F84D3}.Release|Mixed Platforms.Build.0 = Release|Any CPU
		{48E4289C-FABF-46F6-AC45-AAA4224F84D3}.Release|x86.ActiveCfg = Release|Any CPU
		{C79309C3-3E59-490C-89EA-6A4AA05B0DD5}.Debug|.NET.ActiveCfg = Debug|Any CPU
		{C79309C3-3E59-490C-89EA-6A4AA05B0DD5}.Debug|Any CPU.ActiveCfg = Debug|Any CPU
		{C79309C3-3E59-490C-89EA-6A4AA05B0DD5}.Debug|Any CPU.Build.0 = Debug|Any CPU
		{C79309C3-3E59-490C-89EA-6A4AA05B0DD5}.Debug|Mixed Platforms.ActiveCfg = Debug|Any CPU
		{C79309C3-3E59-490C-89EA-6A4AA05B0DD5}.Debug|Mixed Platforms.Build.0 = Debug|Any CPU
		{C79309C3-3E59-490C-89EA-6A4AA05B0DD5}.Debug|x86.ActiveCfg = Debug|Any CPU
		{C79309C3-3E59-490C-89EA-6A4AA05B0DD5}.Release|.NET.ActiveCfg = Release|Any CPU
		{C79309C3-3E59-490C-89EA-6A4AA05B0DD5}.Release|Any CPU.ActiveCfg = Release|Any CPU
		{C79309C3-3E59-490C-89EA-6A4AA05B0DD5}.Release|Any CPU.Build.0 = Release|Any CPU
		{C79309C3-3E59-490C-89EA-6A4AA05B0DD5}.Release|Mixed Platforms.ActiveCfg = Release|Any CPU
		{C79309C3-3E59-490C-89EA-6A4AA05B0DD5}.Release|Mixed Platforms.Build.0 = Release|Any CPU
		{C79309C3-3E59-490C-89EA-6A4AA05B0DD5}.Release|x86.ActiveCfg = Release|Any CPU
		{A73147C3-73C4-4590-9EC4-250AC83F4EF5}.Debug|.NET.ActiveCfg = Debug|Any CPU
		{A73147C3-73C4-4590-9EC4-250AC83F4EF5}.Debug|Any CPU.ActiveCfg = Debug|Any CPU
		{A73147C3-73C4-4590-9EC4-250AC83F4EF5}.Debug|Any CPU.Build.0 = Debug|Any CPU
		{A73147C3-73C4-4590-9EC4-250AC83F4EF5}.Debug|Mixed Platforms.ActiveCfg = Debug|Any CPU
		{A73147C3-73C4-4590-9EC4-250AC83F4EF5}.Debug|Mixed Platforms.Build.0 = Debug|Any CPU
		{A73147C3-73C4-4590-9EC4-250AC83F4EF5}.Debug|x86.ActiveCfg = Debug|Any CPU
		{A73147C3-73C4-4590-9EC4-250AC83F4EF5}.Release|.NET.ActiveCfg = Release|Any CPU
		{A73147C3-73C4-4590-9EC4-250AC83F4EF5}.Release|Any CPU.ActiveCfg = Release|Any CPU
		{A73147C3-73C4-4590-9EC4-250AC83F4EF5}.Release|Any CPU.Build.0 = Release|Any CPU
		{A73147C3-73C4-4590-9EC4-250AC83F4EF5}.Release|Mixed Platforms.ActiveCfg = Release|Any CPU
		{A73147C3-73C4-4590-9EC4-250AC83F4EF5}.Release|Mixed Platforms.Build.0 = Release|Any CPU
		{A73147C3-73C4-4590-9EC4-250AC83F4EF5}.Release|x86.ActiveCfg = Release|Any CPU
		{B36CF407-9408-428D-A2B7-0245E58CDE17}.Debug|.NET.ActiveCfg = Debug|Any CPU
		{B36CF407-9408-428D-A2B7-0245E58CDE17}.Debug|Any CPU.ActiveCfg = Debug|Any CPU
		{B36CF407-9408-428D-A2B7-0245E58CDE17}.Debug|Any CPU.Build.0 = Debug|Any CPU
		{B36CF407-9408-428D-A2B7-0245E58CDE17}.Debug|Mixed Platforms.ActiveCfg = Debug|Any CPU
		{B36CF407-9408-428D-A2B7-0245E58CDE17}.Debug|Mixed Platforms.Build.0 = Debug|Any CPU
		{B36CF407-9408-428D-A2B7-0245E58CDE17}.Debug|x86.ActiveCfg = Debug|Any CPU
		{B36CF407-9408-428D-A2B7-0245E58CDE17}.Release|.NET.ActiveCfg = Release|Any CPU
		{B36CF407-9408-428D-A2B7-0245E58CDE17}.Release|Any CPU.ActiveCfg = Release|Any CPU
		{B36CF407-9408-428D-A2B7-0245E58CDE17}.Release|Any CPU.Build.0 = Release|Any CPU
		{B36CF407-9408-428D-A2B7-0245E58CDE17}.Release|Mixed Platforms.ActiveCfg = Release|Any CPU
		{B36CF407-9408-428D-A2B7-0245E58CDE17}.Release|Mixed Platforms.Build.0 = Release|Any CPU
		{B36CF407-9408-428D-A2B7-0245E58CDE17}.Release|x86.ActiveCfg = Release|Any CPU
		{891EAD10-3C90-4478-A695-71F5537C2AA2}.Debug|.NET.ActiveCfg = Debug|Any CPU
		{891EAD10-3C90-4478-A695-71F5537C2AA2}.Debug|Any CPU.ActiveCfg = Debug|Any CPU
		{891EAD10-3C90-4478-A695-71F5537C2AA2}.Debug|Any CPU.Build.0 = Debug|Any CPU
		{891EAD10-3C90-4478-A695-71F5537C2AA2}.Debug|Mixed Platforms.ActiveCfg = Debug|Any CPU
		{891EAD10-3C90-4478-A695-71F5537C2AA2}.Debug|Mixed Platforms.Build.0 = Debug|Any CPU
		{891EAD10-3C90-4478-A695-71F5537C2AA2}.Debug|x86.ActiveCfg = Debug|Any CPU
		{891EAD10-3C90-4478-A695-71F5537C2AA2}.Release|.NET.ActiveCfg = Release|Any CPU
		{891EAD10-3C90-4478-A695-71F5537C2AA2}.Release|Any CPU.ActiveCfg = Release|Any CPU
		{891EAD10-3C90-4478-A695-71F5537C2AA2}.Release|Any CPU.Build.0 = Release|Any CPU
		{891EAD10-3C90-4478-A695-71F5537C2AA2}.Release|Mixed Platforms.ActiveCfg = Release|Any CPU
		{891EAD10-3C90-4478-A695-71F5537C2AA2}.Release|Mixed Platforms.Build.0 = Release|Any CPU
		{891EAD10-3C90-4478-A695-71F5537C2AA2}.Release|x86.ActiveCfg = Release|Any CPU
		{F44CB5CA-3328-43C3-B640-443A1A57A745}.Debug|.NET.ActiveCfg = Debug|Any CPU
		{F44CB5CA-3328-43C3-B640-443A1A57A745}.Debug|Any CPU.ActiveCfg = Debug|Any CPU
		{F44CB5CA-3328-43C3-B640-443A1A57A745}.Debug|Any CPU.Build.0 = Debug|Any CPU
		{F44CB5CA-3328-43C3-B640-443A1A57A745}.Debug|Mixed Platforms.ActiveCfg = Debug|Any CPU
		{F44CB5CA-3328-43C3-B640-443A1A57A745}.Debug|Mixed Platforms.Build.0 = Debug|Any CPU
		{F44CB5CA-3328-43C3-B640-443A1A57A745}.Debug|x86.ActiveCfg = Debug|Any CPU
		{F44CB5CA-3328-43C3-B640-443A1A57A745}.Release|.NET.ActiveCfg = Release|Any CPU
		{F44CB5CA-3328-43C3-B640-443A1A57A745}.Release|Any CPU.ActiveCfg = Release|Any CPU
		{F44CB5CA-3328-43C3-B640-443A1A57A745}.Release|Any CPU.Build.0 = Release|Any CPU
		{F44CB5CA-3328-43C3-B640-443A1A57A745}.Release|Mixed Platforms.ActiveCfg = Release|Any CPU
		{F44CB5CA-3328-43C3-B640-443A1A57A745}.Release|Mixed Platforms.Build.0 = Release|Any CPU
		{F44CB5CA-3328-43C3-B640-443A1A57A745}.Release|x86.ActiveCfg = Release|Any CPU
		{EE035A63-2ABA-4B2C-B716-780CF8CFB631}.Debug|.NET.ActiveCfg = Debug|Any CPU
		{EE035A63-2ABA-4B2C-B716-780CF8CFB631}.Debug|Any CPU.ActiveCfg = Debug|Any CPU
		{EE035A63-2ABA-4B2C-B716-780CF8CFB631}.Debug|Any CPU.Build.0 = Debug|Any CPU
		{EE035A63-2ABA-4B2C-B716-780CF8CFB631}.Debug|Mixed Platforms.ActiveCfg = Debug|Any CPU
		{EE035A63-2ABA-4B2C-B716-780CF8CFB631}.Debug|Mixed Platforms.Build.0 = Debug|Any CPU
		{EE035A63-2ABA-4B2C-B716-780CF8CFB631}.Debug|x86.ActiveCfg = Debug|Any CPU
		{EE035A63-2ABA-4B2C-B716-780CF8CFB631}.Release|.NET.ActiveCfg = Release|Any CPU
		{EE035A63-2ABA-4B2C-B716-780CF8CFB631}.Release|Any CPU.ActiveCfg = Release|Any CPU
		{EE035A63-2ABA-4B2C-B716-780CF8CFB631}.Release|Any CPU.Build.0 = Release|Any CPU
		{EE035A63-2ABA-4B2C-B716-780CF8CFB631}.Release|Mixed Platforms.ActiveCfg = Release|Any CPU
		{EE035A63-2ABA-4B2C-B716-780CF8CFB631}.Release|Mixed Platforms.Build.0 = Release|Any CPU
		{EE035A63-2ABA-4B2C-B716-780CF8CFB631}.Release|x86.ActiveCfg = Release|Any CPU
		{2BC955EE-377B-42CD-B189-2A17AF99D9AD}.Debug|.NET.ActiveCfg = Debug|Any CPU
		{2BC955EE-377B-42CD-B189-2A17AF99D9AD}.Debug|Any CPU.ActiveCfg = Debug|Any CPU
		{2BC955EE-377B-42CD-B189-2A17AF99D9AD}.Debug|Any CPU.Build.0 = Debug|Any CPU
		{2BC955EE-377B-42CD-B189-2A17AF99D9AD}.Debug|Mixed Platforms.ActiveCfg = Debug|Any CPU
		{2BC955EE-377B-42CD-B189-2A17AF99D9AD}.Debug|Mixed Platforms.Build.0 = Debug|Any CPU
		{2BC955EE-377B-42CD-B189-2A17AF99D9AD}.Debug|x86.ActiveCfg = Debug|Any CPU
		{2BC955EE-377B-42CD-B189-2A17AF99D9AD}.Release|.NET.ActiveCfg = Release|Any CPU
		{2BC955EE-377B-42CD-B189-2A17AF99D9AD}.Release|Any CPU.ActiveCfg = Release|Any CPU
		{2BC955EE-377B-42CD-B189-2A17AF99D9AD}.Release|Any CPU.Build.0 = Release|Any CPU
		{2BC955EE-377B-42CD-B189-2A17AF99D9AD}.Release|Mixed Platforms.ActiveCfg = Release|Any CPU
		{2BC955EE-377B-42CD-B189-2A17AF99D9AD}.Release|Mixed Platforms.Build.0 = Release|Any CPU
		{2BC955EE-377B-42CD-B189-2A17AF99D9AD}.Release|x86.ActiveCfg = Release|Any CPU
		{60C6E25A-4FCA-4C02-92E4-111BD45555CB}.Debug|.NET.ActiveCfg = Debug|Any CPU
		{60C6E25A-4FCA-4C02-92E4-111BD45555CB}.Debug|Any CPU.ActiveCfg = Debug|Any CPU
		{60C6E25A-4FCA-4C02-92E4-111BD45555CB}.Debug|Any CPU.Build.0 = Debug|Any CPU
		{60C6E25A-4FCA-4C02-92E4-111BD45555CB}.Debug|Mixed Platforms.ActiveCfg = Debug|Any CPU
		{60C6E25A-4FCA-4C02-92E4-111BD45555CB}.Debug|Mixed Platforms.Build.0 = Debug|Any CPU
		{60C6E25A-4FCA-4C02-92E4-111BD45555CB}.Debug|x86.ActiveCfg = Debug|Any CPU
		{60C6E25A-4FCA-4C02-92E4-111BD45555CB}.Release|.NET.ActiveCfg = Release|Any CPU
		{60C6E25A-4FCA-4C02-92E4-111BD45555CB}.Release|Any CPU.ActiveCfg = Release|Any CPU
		{60C6E25A-4FCA-4C02-92E4-111BD45555CB}.Release|Any CPU.Build.0 = Release|Any CPU
		{60C6E25A-4FCA-4C02-92E4-111BD45555CB}.Release|Mixed Platforms.ActiveCfg = Release|Any CPU
		{60C6E25A-4FCA-4C02-92E4-111BD45555CB}.Release|Mixed Platforms.Build.0 = Release|Any CPU
		{60C6E25A-4FCA-4C02-92E4-111BD45555CB}.Release|x86.ActiveCfg = Release|Any CPU
		{A8801ED6-2D55-4CB5-8153-1644462083C6}.Debug|.NET.ActiveCfg = Debug|Any CPU
		{A8801ED6-2D55-4CB5-8153-1644462083C6}.Debug|Any CPU.ActiveCfg = Debug|Any CPU
		{A8801ED6-2D55-4CB5-8153-1644462083C6}.Debug|Any CPU.Build.0 = Debug|Any CPU
		{A8801ED6-2D55-4CB5-8153-1644462083C6}.Debug|Mixed Platforms.ActiveCfg = Debug|Any CPU
		{A8801ED6-2D55-4CB5-8153-1644462083C6}.Debug|Mixed Platforms.Build.0 = Debug|Any CPU
		{A8801ED6-2D55-4CB5-8153-1644462083C6}.Debug|x86.ActiveCfg = Debug|Any CPU
		{A8801ED6-2D55-4CB5-8153-1644462083C6}.Release|.NET.ActiveCfg = Debug|Any CPU
		{A8801ED6-2D55-4CB5-8153-1644462083C6}.Release|Any CPU.ActiveCfg = Debug|Any CPU
		{A8801ED6-2D55-4CB5-8153-1644462083C6}.Release|Any CPU.Build.0 = Debug|Any CPU
		{A8801ED6-2D55-4CB5-8153-1644462083C6}.Release|Mixed Platforms.ActiveCfg = Debug|Any CPU
		{A8801ED6-2D55-4CB5-8153-1644462083C6}.Release|Mixed Platforms.Build.0 = Debug|Any CPU
		{A8801ED6-2D55-4CB5-8153-1644462083C6}.Release|x86.ActiveCfg = Debug|Any CPU
		{D009E584-9511-4243-9D2D-CD74079FB425}.Debug|.NET.ActiveCfg = Debug|Any CPU
		{D009E584-9511-4243-9D2D-CD74079FB425}.Debug|Any CPU.ActiveCfg = Debug|Any CPU
		{D009E584-9511-4243-9D2D-CD74079FB425}.Debug|Any CPU.Build.0 = Debug|Any CPU
		{D009E584-9511-4243-9D2D-CD74079FB425}.Debug|Mixed Platforms.ActiveCfg = Debug|Any CPU
		{D009E584-9511-4243-9D2D-CD74079FB425}.Debug|Mixed Platforms.Build.0 = Debug|Any CPU
		{D009E584-9511-4243-9D2D-CD74079FB425}.Debug|x86.ActiveCfg = Debug|Any CPU
		{D009E584-9511-4243-9D2D-CD74079FB425}.Release|.NET.ActiveCfg = Release|Any CPU
		{D009E584-9511-4243-9D2D-CD74079FB425}.Release|Any CPU.ActiveCfg = Release|Any CPU
		{D009E584-9511-4243-9D2D-CD74079FB425}.Release|Any CPU.Build.0 = Release|Any CPU
		{D009E584-9511-4243-9D2D-CD74079FB425}.Release|Mixed Platforms.ActiveCfg = Release|Any CPU
		{D009E584-9511-4243-9D2D-CD74079FB425}.Release|Mixed Platforms.Build.0 = Release|Any CPU
		{D009E584-9511-4243-9D2D-CD74079FB425}.Release|x86.ActiveCfg = Release|Any CPU
		{77F62E15-6EBD-4E19-BE39-D9D823717B50}.Debug|.NET.ActiveCfg = Debug|Any CPU
		{77F62E15-6EBD-4E19-BE39-D9D823717B50}.Debug|Any CPU.ActiveCfg = Debug|Any CPU
		{77F62E15-6EBD-4E19-BE39-D9D823717B50}.Debug|Any CPU.Build.0 = Debug|Any CPU
		{77F62E15-6EBD-4E19-BE39-D9D823717B50}.Debug|Mixed Platforms.ActiveCfg = Debug|Any CPU
		{77F62E15-6EBD-4E19-BE39-D9D823717B50}.Debug|Mixed Platforms.Build.0 = Debug|Any CPU
		{77F62E15-6EBD-4E19-BE39-D9D823717B50}.Debug|x86.ActiveCfg = Debug|Any CPU
		{77F62E15-6EBD-4E19-BE39-D9D823717B50}.Release|.NET.ActiveCfg = Release|Any CPU
		{77F62E15-6EBD-4E19-BE39-D9D823717B50}.Release|Any CPU.ActiveCfg = Release|Any CPU
		{77F62E15-6EBD-4E19-BE39-D9D823717B50}.Release|Any CPU.Build.0 = Release|Any CPU
		{77F62E15-6EBD-4E19-BE39-D9D823717B50}.Release|Mixed Platforms.ActiveCfg = Release|Any CPU
		{77F62E15-6EBD-4E19-BE39-D9D823717B50}.Release|Mixed Platforms.Build.0 = Release|Any CPU
		{77F62E15-6EBD-4E19-BE39-D9D823717B50}.Release|x86.ActiveCfg = Release|Any CPU
		{68D482CB-3284-42B4-9641-2DC146730FED}.Debug|.NET.ActiveCfg = Debug|Any CPU
		{68D482CB-3284-42B4-9641-2DC146730FED}.Debug|Any CPU.ActiveCfg = Debug|Any CPU
		{68D482CB-3284-42B4-9641-2DC146730FED}.Debug|Any CPU.Build.0 = Debug|Any CPU
		{68D482CB-3284-42B4-9641-2DC146730FED}.Debug|Mixed Platforms.ActiveCfg = Debug|Any CPU
		{68D482CB-3284-42B4-9641-2DC146730FED}.Debug|Mixed Platforms.Build.0 = Debug|Any CPU
		{68D482CB-3284-42B4-9641-2DC146730FED}.Debug|x86.ActiveCfg = Debug|Any CPU
		{68D482CB-3284-42B4-9641-2DC146730FED}.Release|.NET.ActiveCfg = Release|Any CPU
		{68D482CB-3284-42B4-9641-2DC146730FED}.Release|Any CPU.ActiveCfg = Release|Any CPU
		{68D482CB-3284-42B4-9641-2DC146730FED}.Release|Any CPU.Build.0 = Release|Any CPU
		{68D482CB-3284-42B4-9641-2DC146730FED}.Release|Mixed Platforms.ActiveCfg = Release|Any CPU
		{68D482CB-3284-42B4-9641-2DC146730FED}.Release|Mixed Platforms.Build.0 = Release|Any CPU
		{68D482CB-3284-42B4-9641-2DC146730FED}.Release|x86.ActiveCfg = Release|Any CPU
		{0FB22CE7-4C62-49BF-96B8-80A704ACF244}.Debug|.NET.ActiveCfg = Debug
		{0FB22CE7-4C62-49BF-96B8-80A704ACF244}.Debug|Any CPU.ActiveCfg = Debug
		{0FB22CE7-4C62-49BF-96B8-80A704ACF244}.Debug|Mixed Platforms.ActiveCfg = Debug
		{0FB22CE7-4C62-49BF-96B8-80A704ACF244}.Debug|x86.ActiveCfg = Debug
		{0FB22CE7-4C62-49BF-96B8-80A704ACF244}.Release|.NET.ActiveCfg = Release
		{0FB22CE7-4C62-49BF-96B8-80A704ACF244}.Release|Any CPU.ActiveCfg = Release
		{0FB22CE7-4C62-49BF-96B8-80A704ACF244}.Release|Mixed Platforms.ActiveCfg = Release
		{0FB22CE7-4C62-49BF-96B8-80A704ACF244}.Release|x86.ActiveCfg = Release
	EndGlobalSection
	GlobalSection(SolutionProperties) = preSolution
		HideSolutionNode = FALSE
	EndGlobalSection
	GlobalSection(NestedProjects) = preSolution
		{48E4289C-FABF-46F6-AC45-AAA4224F84D3} = {A0CF8258-917F-4756-BF94-7C3F7E254352}
		{C79309C3-3E59-490C-89EA-6A4AA05B0DD5} = {A0CF8258-917F-4756-BF94-7C3F7E254352}
		{77F62E15-6EBD-4E19-BE39-D9D823717B50} = {A0CF8258-917F-4756-BF94-7C3F7E254352}
		{68D482CB-3284-42B4-9641-2DC146730FED} = {A0CF8258-917F-4756-BF94-7C3F7E254352}
		{2BC955EE-377B-42CD-B189-2A17AF99D9AD} = {12CB8C04-711F-484B-BA8B-C2A7FD688592}
		{60C6E25A-4FCA-4C02-92E4-111BD45555CB} = {12CB8C04-711F-484B-BA8B-C2A7FD688592}
		{A8801ED6-2D55-4CB5-8153-1644462083C6} = {12CB8C04-711F-484B-BA8B-C2A7FD688592}
	EndGlobalSection
EndGlobal
