
Microsoft Visual Studio Solution File, Format Version 11.00
# Visual Studio 2010
Project("{FAE04EC0-301F-11D3-BF4B-00C04F79EFBC}") = "Leafing.MSBuild", "Leafing.MSBuild\Leafing.MSBuild.csproj", "{595F0E6C-6387-4BB0-A77C-BCB482FCDCDD}"
EndProject
Global
	GlobalSection(SolutionConfigurationPlatforms) = preSolution
		Debug|Any CPU = Debug|Any CPU
		Release|Any CPU = Release|Any CPU
	EndGlobalSection
	GlobalSection(ProjectConfigurationPlatforms) = postSolution
		{595F0E6C-6387-4BB0-A77C-BCB482FCDCDD}.Debug|Any CPU.ActiveCfg = Debug|Any CPU
		{595F0E6C-6387-4BB0-A77C-BCB482FCDCDD}.Debug|Any CPU.Build.0 = Debug|Any CPU
		{595F0E6C-6387-4BB0-A77C-BCB482FCDCDD}.Release|Any CPU.ActiveCfg = Release|Any CPU
		{595F0E6C-6387-4BB0-A77C-BCB482FCDCDD}.Release|Any CPU.Build.0 = Release|Any CPU
	EndGlobalSection
	GlobalSection(SolutionProperties) = preSolution
		HideSolutionNode = FALSE
	EndGlobalSection
EndGlobal
